// !$*UTF8*$!
{
	archiveVersion = 1;
	classes = {
	};
	objectVersion = 55;
	objects = {

/* Begin PBXBuildFile section */
		C7136071270FF40800E2540B /* Loading.bundle in Resources */ = {isa = PBXBuildFile; fileRef = C7136070270FF40800E2540B /* Loading.bundle */; };
		C7136072270FF40800E2540B /* Loading.bundle in Resources */ = {isa = PBXBuildFile; fileRef = C7136070270FF40800E2540B /* Loading.bundle */; };
		C764C9292702CAF500A63FBE /* YoTest.swift in Sources */ = {isa = PBXBuildFile; fileRef = C764C9282702CAF500A63FBE /* YoTest.swift */; };
		C764C92C2702D90A00A63FBE /* Modelable.swift in Sources */ = {isa = PBXBuildFile; fileRef = C764C92B2702D90A00A63FBE /* Modelable.swift */; };
		C764C92E2702F37200A63FBE /* Log.swift in Sources */ = {isa = PBXBuildFile; fileRef = C764C92D2702F37200A63FBE /* Log.swift */; };
		C764C93027031FE100A63FBE /* Window.swift in Sources */ = {isa = PBXBuildFile; fileRef = C764C92F27031FE100A63FBE /* Window.swift */; };
		C764C93827031FFE00A63FBE /* AppDelegate.swift in Sources */ = {isa = PBXBuildFile; fileRef = C764C93727031FFE00A63FBE /* AppDelegate.swift */; };
		C764C93A27031FFE00A63FBE /* SceneDelegate.swift in Sources */ = {isa = PBXBuildFile; fileRef = C764C93927031FFE00A63FBE /* SceneDelegate.swift */; };
		C764C93C27031FFE00A63FBE /* ViewController.swift in Sources */ = {isa = PBXBuildFile; fileRef = C764C93B27031FFE00A63FBE /* ViewController.swift */; };
		C764C93F27031FFE00A63FBE /* Main.storyboard in Resources */ = {isa = PBXBuildFile; fileRef = C764C93D27031FFE00A63FBE /* Main.storyboard */; };
		C764C9412703200200A63FBE /* Assets.xcassets in Resources */ = {isa = PBXBuildFile; fileRef = C764C9402703200200A63FBE /* Assets.xcassets */; };
		C764C9442703200200A63FBE /* LaunchScreen.storyboard in Resources */ = {isa = PBXBuildFile; fileRef = C764C9422703200200A63FBE /* LaunchScreen.storyboard */; };
		C764C9492703200C00A63FBE /* YoTest.swift in Sources */ = {isa = PBXBuildFile; fileRef = C764C9282702CAF500A63FBE /* YoTest.swift */; };
		C772D4AA27131FBA00DE4592 /* YoTest+UI.swift in Sources */ = {isa = PBXBuildFile; fileRef = C772D4A927131FBA00DE4592 /* YoTest+UI.swift */; };
		C772D4AB27131FBA00DE4592 /* YoTest+UI.swift in Sources */ = {isa = PBXBuildFile; fileRef = C772D4A927131FBA00DE4592 /* YoTest+UI.swift */; };
		C793F4822701C46E00DF7F99 /* Captcha.docc in Sources */ = {isa = PBXBuildFile; fileRef = C793F4812701C46E00DF7F99 /* Captcha.docc */; };
		C793F4832701C46E00DF7F99 /* Captcha.h in Headers */ = {isa = PBXBuildFile; fileRef = C793F4802701C46E00DF7F99 /* Captcha.h */; settings = {ATTRIBUTES = (Public, ); }; };
		C793F48B2701C4F600DF7F99 /* Bridge.swift in Sources */ = {isa = PBXBuildFile; fileRef = C793F48A2701C4F600DF7F99 /* Bridge.swift */; };
		C7A5A31F27044AB800CE25B4 /* Window.swift in Sources */ = {isa = PBXBuildFile; fileRef = C764C92F27031FE100A63FBE /* Window.swift */; };
		C7A5A32027044AB800CE25B4 /* Log.swift in Sources */ = {isa = PBXBuildFile; fileRef = C764C92D2702F37200A63FBE /* Log.swift */; };
		C7A5A32127044AB800CE25B4 /* Modelable.swift in Sources */ = {isa = PBXBuildFile; fileRef = C764C92B2702D90A00A63FBE /* Modelable.swift */; };
		C7A5A32227044AC000CE25B4 /* Bridge.swift in Sources */ = {isa = PBXBuildFile; fileRef = C793F48A2701C4F600DF7F99 /* Bridge.swift */; };
		C7FA6B7827086EE1005FCBDE /* Responder.swift in Sources */ = {isa = PBXBuildFile; fileRef = C7FA6B7727086EE1005FCBDE /* Responder.swift */; };
		C7FA6B7927086EE1005FCBDE /* Responder.swift in Sources */ = {isa = PBXBuildFile; fileRef = C7FA6B7727086EE1005FCBDE /* Responder.swift */; };
/* End PBXBuildFile section */

/* Begin PBXFileReference section */
		C713606E270FF06E00E2540B /* README.md */ = {isa = PBXFileReference; lastKnownFileType = net.daringfireball.markdown; path = README.md; sourceTree = "<group>"; };
		C7136070270FF40800E2540B /* Loading.bundle */ = {isa = PBXFileReference; lastKnownFileType = "wrapper.plug-in"; path = Loading.bundle; sourceTree = "<group>"; };
		C764C9282702CAF500A63FBE /* YoTest.swift */ = {isa = PBXFileReference; lastKnownFileType = sourcecode.swift; path = YoTest.swift; sourceTree = "<group>"; };
		C764C92B2702D90A00A63FBE /* Modelable.swift */ = {isa = PBXFileReference; fileEncoding = 4; lastKnownFileType = sourcecode.swift; path = Modelable.swift; sourceTree = "<group>"; };
		C764C92D2702F37200A63FBE /* Log.swift */ = {isa = PBXFileReference; fileEncoding = 4; lastKnownFileType = sourcecode.swift; path = Log.swift; sourceTree = "<group>"; };
		C764C92F27031FE100A63FBE /* Window.swift */ = {isa = PBXFileReference; lastKnownFileType = sourcecode.swift; path = Window.swift; sourceTree = "<group>"; };
		C764C93527031FFE00A63FBE /* Demo.app */ = {isa = PBXFileReference; explicitFileType = wrapper.application; includeInIndex = 0; path = Demo.app; sourceTree = BUILT_PRODUCTS_DIR; };
		C764C93727031FFE00A63FBE /* AppDelegate.swift */ = {isa = PBXFileReference; lastKnownFileType = sourcecode.swift; path = AppDelegate.swift; sourceTree = "<group>"; };
		C764C93927031FFE00A63FBE /* SceneDelegate.swift */ = {isa = PBXFileReference; lastKnownFileType = sourcecode.swift; path = SceneDelegate.swift; sourceTree = "<group>"; };
		C764C93B27031FFE00A63FBE /* ViewController.swift */ = {isa = PBXFileReference; lastKnownFileType = sourcecode.swift; path = ViewController.swift; sourceTree = "<group>"; };
		C764C93E27031FFE00A63FBE /* Base */ = {isa = PBXFileReference; lastKnownFileType = file.storyboard; name = Base; path = Base.lproj/Main.storyboard; sourceTree = "<group>"; };
		C764C9402703200200A63FBE /* Assets.xcassets */ = {isa = PBXFileReference; lastKnownFileType = folder.assetcatalog; path = Assets.xcassets; sourceTree = "<group>"; };
		C764C9432703200200A63FBE /* Base */ = {isa = PBXFileReference; lastKnownFileType = file.storyboard; name = Base; path = Base.lproj/LaunchScreen.storyboard; sourceTree = "<group>"; };
		C764C9452703200200A63FBE /* Info.plist */ = {isa = PBXFileReference; lastKnownFileType = text.plist.xml; path = Info.plist; sourceTree = "<group>"; };
		C772D4A927131FBA00DE4592 /* YoTest+UI.swift */ = {isa = PBXFileReference; lastKnownFileType = sourcecode.swift; path = "YoTest+UI.swift"; sourceTree = "<group>"; };
		C793F47D2701C46E00DF7F99 /* YoTestSDK.framework */ = {isa = PBXFileReference; explicitFileType = wrapper.framework; includeInIndex = 0; path = YoTestSDK.framework; sourceTree = BUILT_PRODUCTS_DIR; };
		C793F4802701C46E00DF7F99 /* Captcha.h */ = {isa = PBXFileReference; lastKnownFileType = sourcecode.c.h; path = Captcha.h; sourceTree = "<group>"; };
		C793F4812701C46E00DF7F99 /* Captcha.docc */ = {isa = PBXFileReference; lastKnownFileType = folder.documentationcatalog; path = Captcha.docc; sourceTree = "<group>"; };
		C793F48A2701C4F600DF7F99 /* Bridge.swift */ = {isa = PBXFileReference; lastKnownFileType = sourcecode.swift; path = Bridge.swift; sourceTree = "<group>"; };
		C7A5A32D2704765A00CE25B4 /* X.private.modulemap */ = {isa = PBXFileReference; fileEncoding = 4; lastKnownFileType = "sourcecode.module-map"; path = X.private.modulemap; sourceTree = "<group>"; };
		C7A5A32F2704765A00CE25B4 /* module.modulemap */ = {isa = PBXFileReference; fileEncoding = 4; lastKnownFileType = "sourcecode.module-map"; path = module.modulemap; sourceTree = "<group>"; };
		C7FA6B7727086EE1005FCBDE /* Responder.swift */ = {isa = PBXFileReference; lastKnownFileType = sourcecode.swift; path = Responder.swift; sourceTree = "<group>"; };
/* End PBXFileReference section */

/* Begin PBXFrameworksBuildPhase section */
		C764C93227031FFE00A63FBE /* Frameworks */ = {
			isa = PBXFrameworksBuildPhase;
			buildActionMask = 2147483647;
			files = (
			);
			runOnlyForDeploymentPostprocessing = 0;
		};
		C793F47A2701C46E00DF7F99 /* Frameworks */ = {
			isa = PBXFrameworksBuildPhase;
			buildActionMask = 2147483647;
			files = (
			);
			runOnlyForDeploymentPostprocessing = 0;
		};
/* End PBXFrameworksBuildPhase section */

/* Begin PBXGroup section */
		C713606F270FF3DC00E2540B /* Res */ = {
			isa = PBXGroup;
			children = (
				C7136070270FF40800E2540B /* Loading.bundle */,
			);
			path = Res;
			sourceTree = "<group>";
		};
		C764C92A2702D90A00A63FBE /* Utils */ = {
			isa = PBXGroup;
			children = (
				C764C92D2702F37200A63FBE /* Log.swift */,
				C764C92B2702D90A00A63FBE /* Modelable.swift */,
				C764C92F27031FE100A63FBE /* Window.swift */,
			);
			path = Utils;
			sourceTree = "<group>";
		};
		C764C93627031FFE00A63FBE /* Demo */ = {
			isa = PBXGroup;
			children = (
				C764C93727031FFE00A63FBE /* AppDelegate.swift */,
				C764C93927031FFE00A63FBE /* SceneDelegate.swift */,
				C764C93B27031FFE00A63FBE /* ViewController.swift */,
				C764C93D27031FFE00A63FBE /* Main.storyboard */,
				C764C9402703200200A63FBE /* Assets.xcassets */,
				C764C9422703200200A63FBE /* LaunchScreen.storyboard */,
				C764C9452703200200A63FBE /* Info.plist */,
			);
			path = Demo;
			sourceTree = "<group>";
		};
		C793F4732701C46E00DF7F99 = {
			isa = PBXGroup;
			children = (
				C793F47F2701C46E00DF7F99 /* Captcha */,
				C764C93627031FFE00A63FBE /* Demo */,
				C793F47E2701C46E00DF7F99 /* Products */,
			);
			sourceTree = "<group>";
		};
		C793F47E2701C46E00DF7F99 /* Products */ = {
			isa = PBXGroup;
			children = (
				C793F47D2701C46E00DF7F99 /* YoTestSDK.framework */,
				C764C93527031FFE00A63FBE /* Demo.app */,
			);
			name = Products;
			sourceTree = "<group>";
		};
		C793F47F2701C46E00DF7F99 /* Captcha */ = {
			isa = PBXGroup;
			children = (
				C713606F270FF3DC00E2540B /* Res */,
				C7A5A32C2704765900CE25B4 /* X */,
				C764C92A2702D90A00A63FBE /* Utils */,
				C793F4892701C4DA00DF7F99 /* Bridge */,
				C793F4802701C46E00DF7F99 /* Captcha.h */,
				C764C9282702CAF500A63FBE /* YoTest.swift */,
				C772D4A927131FBA00DE4592 /* YoTest+UI.swift */,
				C793F4812701C46E00DF7F99 /* Captcha.docc */,
				C713606E270FF06E00E2540B /* README.md */,
			);
			path = Captcha;
			sourceTree = "<group>";
		};
		C793F4892701C4DA00DF7F99 /* Bridge */ = {
			isa = PBXGroup;
			children = (
				C793F48A2701C4F600DF7F99 /* Bridge.swift */,
				C7FA6B7727086EE1005FCBDE /* Responder.swift */,
			);
			path = Bridge;
			sourceTree = "<group>";
		};
		C7A5A32C2704765900CE25B4 /* X */ = {
			isa = PBXGroup;
			children = (
				C7A5A32D2704765A00CE25B4 /* X.private.modulemap */,
				C7A5A32E2704765A00CE25B4 /* XPrivate */,
			);
			path = X;
			sourceTree = "<group>";
		};
		C7A5A32E2704765A00CE25B4 /* XPrivate */ = {
			isa = PBXGroup;
			children = (
				C7A5A32F2704765A00CE25B4 /* module.modulemap */,
			);
			path = XPrivate;
			sourceTree = "<group>";
		};
/* End PBXGroup section */

/* Begin PBXHeadersBuildPhase section */
		C793F4782701C46E00DF7F99 /* Headers */ = {
			isa = PBXHeadersBuildPhase;
			buildActionMask = 2147483647;
			files = (
				C793F4832701C46E00DF7F99 /* Captcha.h in Headers */,
			);
			runOnlyForDeploymentPostprocessing = 0;
		};
/* End PBXHeadersBuildPhase section */

/* Begin PBXNativeTarget section */
		C764C93427031FFE00A63FBE /* Demo */ = {
			isa = PBXNativeTarget;
			buildConfigurationList = C764C9462703200200A63FBE /* Build configuration list for PBXNativeTarget "Demo" */;
			buildPhases = (
				C764C93127031FFE00A63FBE /* Sources */,
				C764C93227031FFE00A63FBE /* Frameworks */,
				C764C93327031FFE00A63FBE /* Resources */,
			);
			buildRules = (
			);
			dependencies = (
			);
			name = Demo;
			productName = Demo;
			productReference = C764C93527031FFE00A63FBE /* Demo.app */;
			productType = "com.apple.product-type.application";
		};
		C793F47C2701C46E00DF7F99 /* YoTestSDK */ = {
			isa = PBXNativeTarget;
			buildConfigurationList = C793F4862701C46E00DF7F99 /* Build configuration list for PBXNativeTarget "YoTestSDK" */;
			buildPhases = (
				C793F4782701C46E00DF7F99 /* Headers */,
				C793F4792701C46E00DF7F99 /* Sources */,
				C793F47A2701C46E00DF7F99 /* Frameworks */,
				C793F47B2701C46E00DF7F99 /* Resources */,
			);
			buildRules = (
			);
			dependencies = (
			);
			name = YoTestSDK;
			productName = Capture;
			productReference = C793F47D2701C46E00DF7F99 /* YoTestSDK.framework */;
			productType = "com.apple.product-type.framework";
		};
/* End PBXNativeTarget section */

/* Begin PBXProject section */
		C793F4742701C46E00DF7F99 /* Project object */ = {
			isa = PBXProject;
			attributes = {
				BuildIndependentTargetsInParallel = 1;
				LastSwiftUpdateCheck = 1300;
				LastUpgradeCheck = 1300;
				TargetAttributes = {
					C764C93427031FFE00A63FBE = {
						CreatedOnToolsVersion = 13.0;
						LastSwiftMigration = 1300;
					};
					C793F47C2701C46E00DF7F99 = {
						CreatedOnToolsVersion = 13.0;
						LastSwiftMigration = 1300;
					};
				};
			};
			buildConfigurationList = C793F4772701C46E00DF7F99 /* Build configuration list for PBXProject "Captcha" */;
			compatibilityVersion = "Xcode 13.0";
			developmentRegion = en;
			hasScannedForEncodings = 0;
			knownRegions = (
				en,
				Base,
			);
			mainGroup = C793F4732701C46E00DF7F99;
			productRefGroup = C793F47E2701C46E00DF7F99 /* Products */;
			projectDirPath = "";
			projectRoot = "";
			targets = (
				C793F47C2701C46E00DF7F99 /* YoTestSDK */,
				C764C93427031FFE00A63FBE /* Demo */,
			);
		};
/* End PBXProject section */

/* Begin PBXResourcesBuildPhase section */
		C764C93327031FFE00A63FBE /* Resources */ = {
			isa = PBXResourcesBuildPhase;
			buildActionMask = 2147483647;
			files = (
				C7136072270FF40800E2540B /* Loading.bundle in Resources */,
				C764C9442703200200A63FBE /* LaunchScreen.storyboard in Resources */,
				C764C9412703200200A63FBE /* Assets.xcassets in Resources */,
				C764C93F27031FFE00A63FBE /* Main.storyboard in Resources */,
			);
			runOnlyForDeploymentPostprocessing = 0;
		};
		C793F47B2701C46E00DF7F99 /* Resources */ = {
			isa = PBXResourcesBuildPhase;
			buildActionMask = 2147483647;
			files = (
				C7136071270FF40800E2540B /* Loading.bundle in Resources */,
			);
			runOnlyForDeploymentPostprocessing = 0;
		};
/* End PBXResourcesBuildPhase section */

/* Begin PBXSourcesBuildPhase section */
		C764C93127031FFE00A63FBE /* Sources */ = {
			isa = PBXSourcesBuildPhase;
			buildActionMask = 2147483647;
			files = (
				C764C93C27031FFE00A63FBE /* ViewController.swift in Sources */,
				C7A5A31F27044AB800CE25B4 /* Window.swift in Sources */,
				C7A5A32027044AB800CE25B4 /* Log.swift in Sources */,
				C764C93827031FFE00A63FBE /* AppDelegate.swift in Sources */,
				C7A5A32227044AC000CE25B4 /* Bridge.swift in Sources */,
				C772D4AB27131FBA00DE4592 /* YoTest+UI.swift in Sources */,
				C7A5A32127044AB800CE25B4 /* Modelable.swift in Sources */,
				C764C93A27031FFE00A63FBE /* SceneDelegate.swift in Sources */,
				C7FA6B7927086EE1005FCBDE /* Responder.swift in Sources */,
				C764C9492703200C00A63FBE /* YoTest.swift in Sources */,
			);
			runOnlyForDeploymentPostprocessing = 0;
		};
		C793F4792701C46E00DF7F99 /* Sources */ = {
			isa = PBXSourcesBuildPhase;
			buildActionMask = 2147483647;
			files = (
				C764C9292702CAF500A63FBE /* YoTest.swift in Sources */,
				C793F48B2701C4F600DF7F99 /* Bridge.swift in Sources */,
				C7FA6B7827086EE1005FCBDE /* Responder.swift in Sources */,
				C772D4AA27131FBA00DE4592 /* YoTest+UI.swift in Sources */,
				C764C92E2702F37200A63FBE /* Log.swift in Sources */,
				C793F4822701C46E00DF7F99 /* Captcha.docc in Sources */,
				C764C92C2702D90A00A63FBE /* Modelable.swift in Sources */,
				C764C93027031FE100A63FBE /* Window.swift in Sources */,
			);
			runOnlyForDeploymentPostprocessing = 0;
		};
/* End PBXSourcesBuildPhase section */

/* Begin PBXVariantGroup section */
		C764C93D27031FFE00A63FBE /* Main.storyboard */ = {
			isa = PBXVariantGroup;
			children = (
				C764C93E27031FFE00A63FBE /* Base */,
			);
			name = Main.storyboard;
			sourceTree = "<group>";
		};
		C764C9422703200200A63FBE /* LaunchScreen.storyboard */ = {
			isa = PBXVariantGroup;
			children = (
				C764C9432703200200A63FBE /* Base */,
			);
			name = LaunchScreen.storyboard;
			sourceTree = "<group>";
		};
/* End PBXVariantGroup section */

/* Begin XCBuildConfiguration section */
		C764C9472703200200A63FBE /* Debug */ = {
			isa = XCBuildConfiguration;
			buildSettings = {
				ASSETCATALOG_COMPILER_APPICON_NAME = AppIcon;
				ASSETCATALOG_COMPILER_GLOBAL_ACCENT_COLOR_NAME = AccentColor;
				CLANG_ENABLE_MODULES = YES;
				CODE_SIGN_STYLE = Automatic;
				CURRENT_PROJECT_VERSION = 0;
				DEVELOPMENT_TEAM = 9426ZYLJTX;
				GENERATE_INFOPLIST_FILE = YES;
				INFOPLIST_FILE = Demo/Info.plist;
				INFOPLIST_KEY_LSSupportsOpeningDocumentsInPlace = YES;
				INFOPLIST_KEY_UIApplicationSupportsIndirectInputEvents = YES;
				INFOPLIST_KEY_UILaunchStoryboardName = LaunchScreen;
				INFOPLIST_KEY_UIMainStoryboardFile = Main;
				INFOPLIST_KEY_UIRequiredDeviceCapabilities = armv7;
				INFOPLIST_KEY_UISupportedInterfaceOrientations = UIInterfaceOrientationPortrait;
				INFOPLIST_KEY_UISupportedInterfaceOrientations_iPad = "UIInterfaceOrientationPortrait UIInterfaceOrientationPortraitUpsideDown UIInterfaceOrientationLandscapeLeft UIInterfaceOrientationLandscapeRight";
				INFOPLIST_KEY_UISupportedInterfaceOrientations_iPhone = "UIInterfaceOrientationPortrait UIInterfaceOrientationLandscapeLeft UIInterfaceOrientationLandscapeRight";
				IPHONEOS_DEPLOYMENT_TARGET = 9.0;
				LD_RUNPATH_SEARCH_PATHS = (
					"$(inherited)",
					"@executable_path/Frameworks",
				);
				MARKETING_VERSION = 1.0;
				PRODUCT_BUNDLE_IDENTIFIER = com.yotest.Demo;
				PRODUCT_NAME = "$(TARGET_NAME)";
				SWIFT_EMIT_LOC_STRINGS = YES;
				SWIFT_INCLUDE_PATHS = "\"$(SRCROOT)/Captcha/X\"";
				SWIFT_OPTIMIZATION_LEVEL = "-Onone";
				SWIFT_VERSION = 5.0;
				TARGETED_DEVICE_FAMILY = "1,2";
			};
			name = Debug;
		};
		C764C9482703200200A63FBE /* Release */ = {
			isa = XCBuildConfiguration;
			buildSettings = {
				ASSETCATALOG_COMPILER_APPICON_NAME = AppIcon;
				ASSETCATALOG_COMPILER_GLOBAL_ACCENT_COLOR_NAME = AccentColor;
				CLANG_ENABLE_MODULES = YES;
				CODE_SIGN_STYLE = Automatic;
				CURRENT_PROJECT_VERSION = 0;
				DEVELOPMENT_TEAM = 9426ZYLJTX;
				GENERATE_INFOPLIST_FILE = YES;
				INFOPLIST_FILE = Demo/Info.plist;
				INFOPLIST_KEY_LSSupportsOpeningDocumentsInPlace = YES;
				INFOPLIST_KEY_UIApplicationSupportsIndirectInputEvents = YES;
				INFOPLIST_KEY_UILaunchStoryboardName = LaunchScreen;
				INFOPLIST_KEY_UIMainStoryboardFile = Main;
				INFOPLIST_KEY_UIRequiredDeviceCapabilities = armv7;
				INFOPLIST_KEY_UISupportedInterfaceOrientations = UIInterfaceOrientationPortrait;
				INFOPLIST_KEY_UISupportedInterfaceOrientations_iPad = "UIInterfaceOrientationPortrait UIInterfaceOrientationPortraitUpsideDown UIInterfaceOrientationLandscapeLeft UIInterfaceOrientationLandscapeRight";
				INFOPLIST_KEY_UISupportedInterfaceOrientations_iPhone = "UIInterfaceOrientationPortrait UIInterfaceOrientationLandscapeLeft UIInterfaceOrientationLandscapeRight";
				IPHONEOS_DEPLOYMENT_TARGET = 9.0;
				LD_RUNPATH_SEARCH_PATHS = (
					"$(inherited)",
					"@executable_path/Frameworks",
				);
				MARKETING_VERSION = 1.0;
				PRODUCT_BUNDLE_IDENTIFIER = com.yotest.Demo;
				PRODUCT_NAME = "$(TARGET_NAME)";
				SWIFT_EMIT_LOC_STRINGS = YES;
				SWIFT_INCLUDE_PATHS = "\"$(SRCROOT)/Captcha/X\"";
				SWIFT_VERSION = 5.0;
				TARGETED_DEVICE_FAMILY = "1,2";
			};
			name = Release;
		};
		C793F4842701C46E00DF7F99 /* Debug */ = {
			isa = XCBuildConfiguration;
			buildSettings = {
				ALWAYS_SEARCH_USER_PATHS = NO;
				CLANG_ANALYZER_NONNULL = YES;
				CLANG_ANALYZER_NUMBER_OBJECT_CONVERSION = YES_AGGRESSIVE;
				CLANG_CXX_LANGUAGE_STANDARD = "gnu++17";
				CLANG_CXX_LIBRARY = "libc++";
				CLANG_ENABLE_MODULES = YES;
				CLANG_ENABLE_OBJC_ARC = YES;
				CLANG_ENABLE_OBJC_WEAK = YES;
				CLANG_WARN_BLOCK_CAPTURE_AUTORELEASING = YES;
				CLANG_WARN_BOOL_CONVERSION = YES;
				CLANG_WARN_COMMA = YES;
				CLANG_WARN_CONSTANT_CONVERSION = YES;
				CLANG_WARN_DEPRECATED_OBJC_IMPLEMENTATIONS = YES;
				CLANG_WARN_DIRECT_OBJC_ISA_USAGE = YES_ERROR;
				CLANG_WARN_DOCUMENTATION_COMMENTS = YES;
				CLANG_WARN_EMPTY_BODY = YES;
				CLANG_WARN_ENUM_CONVERSION = YES;
				CLANG_WARN_INFINITE_RECURSION = YES;
				CLANG_WARN_INT_CONVERSION = YES;
				CLANG_WARN_NON_LITERAL_NULL_CONVERSION = YES;
				CLANG_WARN_OBJC_IMPLICIT_RETAIN_SELF = YES;
				CLANG_WARN_OBJC_LITERAL_CONVERSION = YES;
				CLANG_WARN_OBJC_ROOT_CLASS = YES_ERROR;
				CLANG_WARN_QUOTED_INCLUDE_IN_FRAMEWORK_HEADER = YES;
				CLANG_WARN_RANGE_LOOP_ANALYSIS = YES;
				CLANG_WARN_STRICT_PROTOTYPES = YES;
				CLANG_WARN_SUSPICIOUS_MOVE = YES;
				CLANG_WARN_UNGUARDED_AVAILABILITY = YES_AGGRESSIVE;
				CLANG_WARN_UNREACHABLE_CODE = YES;
				CLANG_WARN__DUPLICATE_METHOD_MATCH = YES;
				COPY_PHASE_STRIP = NO;
				CURRENT_PROJECT_VERSION = 0;
				DEBUG_INFORMATION_FORMAT = dwarf;
				ENABLE_STRICT_OBJC_MSGSEND = YES;
				ENABLE_TESTABILITY = YES;
				GCC_C_LANGUAGE_STANDARD = gnu11;
				GCC_DYNAMIC_NO_PIC = NO;
				GCC_NO_COMMON_BLOCKS = YES;
				GCC_OPTIMIZATION_LEVEL = 0;
				GCC_PREPROCESSOR_DEFINITIONS = (
					"DEBUG=1",
					"$(inherited)",
				);
				GCC_WARN_64_TO_32_BIT_CONVERSION = YES;
				GCC_WARN_ABOUT_RETURN_TYPE = YES_ERROR;
				GCC_WARN_UNDECLARED_SELECTOR = YES;
				GCC_WARN_UNINITIALIZED_AUTOS = YES_AGGRESSIVE;
				GCC_WARN_UNUSED_FUNCTION = YES;
				GCC_WARN_UNUSED_VARIABLE = YES;
				IPHONEOS_DEPLOYMENT_TARGET = 15.0;
				MTL_ENABLE_DEBUG_INFO = INCLUDE_SOURCE;
				MTL_FAST_MATH = YES;
				ONLY_ACTIVE_ARCH = YES;
				SDKROOT = iphoneos;
				SWIFT_ACTIVE_COMPILATION_CONDITIONS = DEBUG;
				SWIFT_OPTIMIZATION_LEVEL = "-Onone";
				VERSIONING_SYSTEM = "apple-generic";
				VERSION_INFO_PREFIX = "";
			};
			name = Debug;
		};
		C793F4852701C46E00DF7F99 /* Release */ = {
			isa = XCBuildConfiguration;
			buildSettings = {
				ALWAYS_SEARCH_USER_PATHS = NO;
				CLANG_ANALYZER_NONNULL = YES;
				CLANG_ANALYZER_NUMBER_OBJECT_CONVERSION = YES_AGGRESSIVE;
				CLANG_CXX_LANGUAGE_STANDARD = "gnu++17";
				CLANG_CXX_LIBRARY = "libc++";
				CLANG_ENABLE_MODULES = YES;
				CLANG_ENABLE_OBJC_ARC = YES;
				CLANG_ENABLE_OBJC_WEAK = YES;
				CLANG_WARN_BLOCK_CAPTURE_AUTORELEASING = YES;
				CLANG_WARN_BOOL_CONVERSION = YES;
				CLANG_WARN_COMMA = YES;
				CLANG_WARN_CONSTANT_CONVERSION = YES;
				CLANG_WARN_DEPRECATED_OBJC_IMPLEMENTATIONS = YES;
				CLANG_WARN_DIRECT_OBJC_ISA_USAGE = YES_ERROR;
				CLANG_WARN_DOCUMENTATION_COMMENTS = YES;
				CLANG_WARN_EMPTY_BODY = YES;
				CLANG_WARN_ENUM_CONVERSION = YES;
				CLANG_WARN_INFINITE_RECURSION = YES;
				CLANG_WARN_INT_CONVERSION = YES;
				CLANG_WARN_NON_LITERAL_NULL_CONVERSION = YES;
				CLANG_WARN_OBJC_IMPLICIT_RETAIN_SELF = YES;
				CLANG_WARN_OBJC_LITERAL_CONVERSION = YES;
				CLANG_WARN_OBJC_ROOT_CLASS = YES_ERROR;
				CLANG_WARN_QUOTED_INCLUDE_IN_FRAMEWORK_HEADER = YES;
				CLANG_WARN_RANGE_LOOP_ANALYSIS = YES;
				CLANG_WARN_STRICT_PROTOTYPES = YES;
				CLANG_WARN_SUSPICIOUS_MOVE = YES;
				CLANG_WARN_UNGUARDED_AVAILABILITY = YES_AGGRESSIVE;
				CLANG_WARN_UNREACHABLE_CODE = YES;
				CLANG_WARN__DUPLICATE_METHOD_MATCH = YES;
				COPY_PHASE_STRIP = NO;
				CURRENT_PROJECT_VERSION = 0;
				DEBUG_INFORMATION_FORMAT = "dwarf-with-dsym";
				ENABLE_NS_ASSERTIONS = NO;
				ENABLE_STRICT_OBJC_MSGSEND = YES;
				GCC_C_LANGUAGE_STANDARD = gnu11;
				GCC_NO_COMMON_BLOCKS = YES;
				GCC_WARN_64_TO_32_BIT_CONVERSION = YES;
				GCC_WARN_ABOUT_RETURN_TYPE = YES_ERROR;
				GCC_WARN_UNDECLARED_SELECTOR = YES;
				GCC_WARN_UNINITIALIZED_AUTOS = YES_AGGRESSIVE;
				GCC_WARN_UNUSED_FUNCTION = YES;
				GCC_WARN_UNUSED_VARIABLE = YES;
				IPHONEOS_DEPLOYMENT_TARGET = 15.0;
				MTL_ENABLE_DEBUG_INFO = NO;
				MTL_FAST_MATH = YES;
				SDKROOT = iphoneos;
				SWIFT_COMPILATION_MODE = wholemodule;
				SWIFT_OPTIMIZATION_LEVEL = "-O";
				VALIDATE_PRODUCT = YES;
				VERSIONING_SYSTEM = "apple-generic";
				VERSION_INFO_PREFIX = "";
			};
			name = Release;
		};
		C793F4872701C46E00DF7F99 /* Debug */ = {
			isa = XCBuildConfiguration;
			buildSettings = {
				CLANG_ENABLE_MODULES = YES;
				CODE_SIGN_STYLE = Automatic;
				CURRENT_PROJECT_VERSION = 0;
				DEFINES_MODULE = YES;
				DYLIB_COMPATIBILITY_VERSION = 1;
				DYLIB_CURRENT_VERSION = 0;
				DYLIB_INSTALL_NAME_BASE = "@rpath";
				GENERATE_INFOPLIST_FILE = YES;
				GENERATE_PKGINFO_FILE = YES;
				INFOPLIST_FILE = Captcha/Info.plist;
				INFOPLIST_KEY_NSHumanReadableCopyright = "";
				INSTALL_PATH = "$(LOCAL_LIBRARY_DIR)/Frameworks";
				IPHONEOS_DEPLOYMENT_TARGET = 9.0;
				LD_RUNPATH_SEARCH_PATHS = (
					"$(inherited)",
					"@executable_path/Frameworks",
					"@loader_path/Frameworks",
				);
				MARKETING_VERSION = 1.0;
				MODULEMAP_PRIVATE_FILE = Captcha/X/X.private.modulemap;
				PRODUCT_BUNDLE_IDENTIFIER = com.yotest.Captcha;
				PRODUCT_NAME = "$(TARGET_NAME:c99extidentifier)";
				SKIP_INSTALL = YES;
				SUPPORTS_MACCATALYST = NO;
				SWIFT_EMIT_LOC_STRINGS = YES;
				SWIFT_INCLUDE_PATHS = "\"$(SRCROOT)/Captcha/X/XPrivate\"";
				SWIFT_OPTIMIZATION_LEVEL = "-Onone";
				SWIFT_VERSION = 5.0;
				TARGETED_DEVICE_FAMILY = "1,2";
			};
			name = Debug;
		};
		C793F4882701C46E00DF7F99 /* Release */ = {
			isa = XCBuildConfiguration;
			buildSettings = {
				CLANG_ENABLE_MODULES = YES;
				CODE_SIGN_STYLE = Automatic;
				CURRENT_PROJECT_VERSION = 0;
				DEFINES_MODULE = YES;
				DYLIB_COMPATIBILITY_VERSION = 1;
				DYLIB_CURRENT_VERSION = 0;
				DYLIB_INSTALL_NAME_BASE = "@rpath";
				GENERATE_INFOPLIST_FILE = YES;
				GENERATE_PKGINFO_FILE = YES;
				INFOPLIST_FILE = Captcha/Info.plist;
				INFOPLIST_KEY_NSHumanReadableCopyright = "";
				INSTALL_PATH = "$(LOCAL_LIBRARY_DIR)/Frameworks";
				IPHONEOS_DEPLOYMENT_TARGET = 9.0;
				LD_RUNPATH_SEARCH_PATHS = (
					"$(inherited)",
					"@executable_path/Frameworks",
					"@loader_path/Frameworks",
				);
				MARKETING_VERSION = 1.0;
				MODULEMAP_PRIVATE_FILE = Captcha/X/X.private.modulemap;
				PRODUCT_BUNDLE_IDENTIFIER = com.yotest.Captcha;
				PRODUCT_NAME = "$(TARGET_NAME:c99extidentifier)";
				SKIP_INSTALL = YES;
				SUPPORTS_MACCATALYST = NO;
				SWIFT_EMIT_LOC_STRINGS = YES;
				SWIFT_INCLUDE_PATHS = "\"$(SRCROOT)/Captcha/X/XPrivate\"";
				SWIFT_VERSION = 5.0;
				TARGETED_DEVICE_FAMILY = "1,2";
			};
			name = Release;
		};
/* End XCBuildConfiguration section */

/* Begin XCConfigurationList section */
		C764C9462703200200A63FBE /* Build configuration list for PBXNativeTarget "Demo" */ = {
			isa = XCConfigurationList;
			buildConfigurations = (
				C764C9472703200200A63FBE /* Debug */,
				C764C9482703200200A63FBE /* Release */,
			);
			defaultConfigurationIsVisible = 0;
			defaultConfigurationName = Release;
		};
		C793F4772701C46E00DF7F99 /* Build configuration list for PBXProject "Captcha" */ = {
			isa = XCConfigurationList;
			buildConfigurations = (
				C793F4842701C46E00DF7F99 /* Debug */,
				C793F4852701C46E00DF7F99 /* Release */,
			);
			defaultConfigurationIsVisible = 0;
			defaultConfigurationName = Release;
		};
		C793F4862701C46E00DF7F99 /* Build configuration list for PBXNativeTarget "YoTestSDK" */ = {
			isa = XCConfigurationList;
			buildConfigurations = (
				C793F4872701C46E00DF7F99 /* Debug */,
				C793F4882701C46E00DF7F99 /* Release */,
			);
			defaultConfigurationIsVisible = 0;
			defaultConfigurationName = Release;
		};
/* End XCConfigurationList section */
	};
	rootObject = C793F4742701C46E00DF7F99 /* Project object */;
}
